PODS:
  - NCMB (3.1.0)
  - PKHUD (5.3.0)

DEPENDENCIES:
  - NCMB (from `https://github.com/NIFCLOUD-mbaas/ncmb_ios.git`)
  - PKHUD

SPEC REPOS:
  trunk:
    - PKHUD

EXTERNAL SOURCES:
  NCMB:
    :git: https://github.com/NIFCLOUD-mbaas/ncmb_ios.git

CHECKOUT OPTIONS:
  NCMB:
    :commit: f11ec347e410179817d72ac2be21f4578b11bc5f
    :git: https://github.com/NIFCLOUD-mbaas/ncmb_ios.git

SPEC CHECKSUMS:
  NCMB: c308972109137bf523ec1830bac16de6a31c25f4
  PKHUD: 98f3e4bc904b9c916f1c5bb6d765365b5357291b

PODFILE CHECKSUM: 0b3287fa9a1bf0a5f0989328ce48f389228f4e66

COCOAPODS: 1.11.2
