// !$*UTF8*$!
{
	archiveVersion = 1;
	classes = {
	};
	objectVersion = 55;
	objects = {

/* Begin PBXBuildFile section */
		01F74BFBF06EFFDF3529F4FD /* Pods_IketenMentorStudy01_NCMB01.framework in Frameworks */ = {isa = PBXBuildFile; fileRef = FA0A110CBDA7E8B393722157 /* Pods_IketenMentorStudy01_NCMB01.framework */; };
		4A596F98279D3E5200388B14 /* AppDelegate.swift in Sources */ = {isa = PBXBuildFile; fileRef = 4A596F97279D3E5200388B14 /* AppDelegate.swift */; };
		4A596F9A279D3E5200388B14 /* SceneDelegate.swift in Sources */ = {isa = PBXBuildFile; fileRef = 4A596F99279D3E5200388B14 /* SceneDelegate.swift */; };
		4A596F9C279D3E5200388B14 /* MemoSearchVC.swift in Sources */ = {isa = PBXBuildFile; fileRef = 4A596F9B279D3E5200388B14 /* MemoSearchVC.swift */; };
		4A596F9F279D3E5200388B14 /* Main.storyboard in Resources */ = {isa = PBXBuildFile; fileRef = 4A596F9D279D3E5200388B14 /* Main.storyboard */; };
		4A596FA1279D3E5300388B14 /* Assets.xcassets in Resources */ = {isa = PBXBuildFile; fileRef = 4A596FA0279D3E5300388B14 /* Assets.xcassets */; };
		4A596FA4279D3E5300388B14 /* LaunchScreen.storyboard in Resources */ = {isa = PBXBuildFile; fileRef = 4A596FA2279D3E5300388B14 /* LaunchScreen.storyboard */; };
		4A596FAC279D48B400388B14 /* SignIn.storyboard in Resources */ = {isa = PBXBuildFile; fileRef = 4A596FAB279D48B400388B14 /* SignIn.storyboard */; };
		4A596FB0279D4A4A00388B14 /* SignUpViewController.swift in Sources */ = {isa = PBXBuildFile; fileRef = 4A596FAE279D4A4A00388B14 /* SignUpViewController.swift */; };
		4A596FB1279D4A4A00388B14 /* SignInViewController.swift in Sources */ = {isa = PBXBuildFile; fileRef = 4A596FAF279D4A4A00388B14 /* SignInViewController.swift */; };
		4A596FB3279D538200388B14 /* AddMemoVC.swift in Sources */ = {isa = PBXBuildFile; fileRef = 4A596FB2279D538200388B14 /* AddMemoVC.swift */; };
/* End PBXBuildFile section */

/* Begin PBXFileReference section */
		4A596F94279D3E5200388B14 /* IketenMentorStudy01_NCMB01.app */ = {isa = PBXFileReference; explicitFileType = wrapper.application; includeInIndex = 0; path = IketenMentorStudy01_NCMB01.app; sourceTree = BUILT_PRODUCTS_DIR; };
		4A596F97279D3E5200388B14 /* AppDelegate.swift */ = {isa = PBXFileReference; lastKnownFileType = sourcecode.swift; path = AppDelegate.swift; sourceTree = "<group>"; };
		4A596F99279D3E5200388B14 /* SceneDelegate.swift */ = {isa = PBXFileReference; lastKnownFileType = sourcecode.swift; path = SceneDelegate.swift; sourceTree = "<group>"; };
		4A596F9B279D3E5200388B14 /* MemoSearchVC.swift */ = {isa = PBXFileReference; lastKnownFileType = sourcecode.swift; path = MemoSearchVC.swift; sourceTree = "<group>"; };
		4A596F9E279D3E5200388B14 /* Base */ = {isa = PBXFileReference; lastKnownFileType = file.storyboard; name = Base; path = Base.lproj/Main.storyboard; sourceTree = "<group>"; };
		4A596FA0279D3E5300388B14 /* Assets.xcassets */ = {isa = PBXFileReference; lastKnownFileType = folder.assetcatalog; path = Assets.xcassets; sourceTree = "<group>"; };
		4A596FA3279D3E5300388B14 /* Base */ = {isa = PBXFileReference; lastKnownFileType = file.storyboard; name = Base; path = Base.lproj/LaunchScreen.storyboard; sourceTree = "<group>"; };
		4A596FA5279D3E5300388B14 /* Info.plist */ = {isa = PBXFileReference; lastKnownFileType = text.plist.xml; path = Info.plist; sourceTree = "<group>"; };
		4A596FAB279D48B400388B14 /* SignIn.storyboard */ = {isa = PBXFileReference; fileEncoding = 4; lastKnownFileType = file.storyboard; path = SignIn.storyboard; sourceTree = "<group>"; };
		4A596FAE279D4A4A00388B14 /* SignUpViewController.swift */ = {isa = PBXFileReference; fileEncoding = 4; lastKnownFileType = sourcecode.swift; path = SignUpViewController.swift; sourceTree = "<group>"; };
		4A596FAF279D4A4A00388B14 /* SignInViewController.swift */ = {isa = PBXFileReference; fileEncoding = 4; lastKnownFileType = sourcecode.swift; path = SignInViewController.swift; sourceTree = "<group>"; };
		4A596FB2279D538200388B14 /* AddMemoVC.swift */ = {isa = PBXFileReference; lastKnownFileType = sourcecode.swift; path = AddMemoVC.swift; sourceTree = "<group>"; };
		B70B8D145052273AF5E10BA3 /* Pods-IketenMentorStudy01_NCMB01.debug.xcconfig */ = {isa = PBXFileReference; includeInIndex = 1; lastKnownFileType = text.xcconfig; name = "Pods-IketenMentorStudy01_NCMB01.debug.xcconfig"; path = "Target Support Files/Pods-IketenMentorStudy01_NCMB01/Pods-IketenMentorStudy01_NCMB01.debug.xcconfig"; sourceTree = "<group>"; };
		CB9B16B840876E3D04F32AAB /* Pods-IketenMentorStudy01_NCMB01.release.xcconfig */ = {isa = PBXFileReference; includeInIndex = 1; lastKnownFileType = text.xcconfig; name = "Pods-IketenMentorStudy01_NCMB01.release.xcconfig"; path = "Target Support Files/Pods-IketenMentorStudy01_NCMB01/Pods-IketenMentorStudy01_NCMB01.release.xcconfig"; sourceTree = "<group>"; };
		FA0A110CBDA7E8B393722157 /* Pods_IketenMentorStudy01_NCMB01.framework */ = {isa = PBXFileReference; explicitFileType = wrapper.framework; includeInIndex = 0; path = Pods_IketenMentorStudy01_NCMB01.framework; sourceTree = BUILT_PRODUCTS_DIR; };
/* End PBXFileReference section */

/* Begin PBXFrameworksBuildPhase section */
		4A596F91279D3E5200388B14 /* Frameworks */ = {
			isa = PBXFrameworksBuildPhase;
			buildActionMask = 2147483647;
			files = (
				01F74BFBF06EFFDF3529F4FD /* Pods_IketenMentorStudy01_NCMB01.framework in Frameworks */,
			);
			runOnlyForDeploymentPostprocessing = 0;
		};
/* End PBXFrameworksBuildPhase section */

/* Begin PBXGroup section */
		0A71589B12C6D0E41B150EFF /* Frameworks */ = {
			isa = PBXGroup;
			children = (
				FA0A110CBDA7E8B393722157 /* Pods_IketenMentorStudy01_NCMB01.framework */,
			);
			name = Frameworks;
			sourceTree = "<group>";
		};
		4A596F8B279D3E5200388B14 = {
			isa = PBXGroup;
			children = (
				4A596F96279D3E5200388B14 /* IketenMentorStudy01_NCMB01 */,
				4A596F95279D3E5200388B14 /* Products */,
				DF3C3457A83249AE268BB47A /* Pods */,
				0A71589B12C6D0E41B150EFF /* Frameworks */,
			);
			sourceTree = "<group>";
		};
		4A596F95279D3E5200388B14 /* Products */ = {
			isa = PBXGroup;
			children = (
				4A596F94279D3E5200388B14 /* IketenMentorStudy01_NCMB01.app */,
			);
			name = Products;
			sourceTree = "<group>";
		};
		4A596F96279D3E5200388B14 /* IketenMentorStudy01_NCMB01 */ = {
			isa = PBXGroup;
			children = (
				4A596F97279D3E5200388B14 /* AppDelegate.swift */,
				4A596F99279D3E5200388B14 /* SceneDelegate.swift */,
				4A596F9D279D3E5200388B14 /* Main.storyboard */,
				4A596F9B279D3E5200388B14 /* MemoSearchVC.swift */,
				4A596FB2279D538200388B14 /* AddMemoVC.swift */,
				4A596FAB279D48B400388B14 /* SignIn.storyboard */,
				4A596FAD279D4A3300388B14 /* SignIn */,
				4A596FA0279D3E5300388B14 /* Assets.xcassets */,
				4A596FA2279D3E5300388B14 /* LaunchScreen.storyboard */,
				4A596FA5279D3E5300388B14 /* Info.plist */,
			);
			path = IketenMentorStudy01_NCMB01;
			sourceTree = "<group>";
		};
		4A596FAD279D4A3300388B14 /* SignIn */ = {
			isa = PBXGroup;
			children = (
				4A596FAF279D4A4A00388B14 /* SignInViewController.swift */,
				4A596FAE279D4A4A00388B14 /* SignUpViewController.swift */,
			);
			path = SignIn;
			sourceTree = "<group>";
		};
		DF3C3457A83249AE268BB47A /* Pods */ = {
			isa = PBXGroup;
			children = (
				B70B8D145052273AF5E10BA3 /* Pods-IketenMentorStudy01_NCMB01.debug.xcconfig */,
				CB9B16B840876E3D04F32AAB /* Pods-IketenMentorStudy01_NCMB01.release.xcconfig */,
			);
			path = Pods;
			sourceTree = "<group>";
		};
/* End PBXGroup section */

/* Begin PBXNativeTarget section */
		4A596F93279D3E5200388B14 /* IketenMentorStudy01_NCMB01 */ = {
			isa = PBXNativeTarget;
			buildConfigurationList = 4A596FA8279D3E5300388B14 /* Build configuration list for PBXNativeTarget "IketenMentorStudy01_NCMB01" */;
			buildPhases = (
				D1203F5E9106F8B0682C8012 /* [CP] Check Pods Manifest.lock */,
				4A596F90279D3E5200388B14 /* Sources */,
				4A596F91279D3E5200388B14 /* Frameworks */,
				4A596F92279D3E5200388B14 /* Resources */,
				625C3FC4D04A0D021678BEF1 /* [CP] Embed Pods Frameworks */,
			);
			buildRules = (
			);
			dependencies = (
			);
			name = IketenMentorStudy01_NCMB01;
			productName = IketenMentorStudy01_NCMB01;
			productReference = 4A596F94279D3E5200388B14 /* IketenMentorStudy01_NCMB01.app */;
			productType = "com.apple.product-type.application";
		};
/* End PBXNativeTarget section */

/* Begin PBXProject section */
		4A596F8C279D3E5200388B14 /* Project object */ = {
			isa = PBXProject;
			attributes = {
				BuildIndependentTargetsInParallel = 1;
				LastSwiftUpdateCheck = 1300;
				LastUpgradeCheck = 1300;
				TargetAttributes = {
					4A596F93279D3E5200388B14 = {
						CreatedOnToolsVersion = 13.0;
					};
				};
			};
			buildConfigurationList = 4A596F8F279D3E5200388B14 /* Build configuration list for PBXProject "IketenMentorStudy01_NCMB01" */;
			compatibilityVersion = "Xcode 13.0";
			developmentRegion = en;
			hasScannedForEncodings = 0;
			knownRegions = (
				en,
				Base,
			);
			mainGroup = 4A596F8B279D3E5200388B14;
			productRefGroup = 4A596F95279D3E5200388B14 /* Products */;
			projectDirPath = "";
			projectRoot = "";
			targets = (
				4A596F93279D3E5200388B14 /* IketenMentorStudy01_NCMB01 */,
			);
		};
/* End PBXProject section */

/* Begin PBXResourcesBuildPhase section */
		4A596F92279D3E5200388B14 /* Resources */ = {
			isa = PBXResourcesBuildPhase;
			buildActionMask = 2147483647;
			files = (
				4A596FAC279D48B400388B14 /* SignIn.storyboard in Resources */,
				4A596FA4279D3E5300388B14 /* LaunchScreen.storyboard in Resources */,
				4A596FA1279D3E5300388B14 /* Assets.xcassets in Resources */,
				4A596F9F279D3E5200388B14 /* Main.storyboard in Resources */,
			);
			runOnlyForDeploymentPostprocessing = 0;
		};
/* End PBXResourcesBuildPhase section */

/* Begin PBXShellScriptBuildPhase section */
		625C3FC4D04A0D021678BEF1 /* [CP] Embed Pods Frameworks */ = {
			isa = PBXShellScriptBuildPhase;
			buildActionMask = 2147483647;
			files = (
			);
			inputFileListPaths = (
				"${PODS_ROOT}/Target Support Files/Pods-IketenMentorStudy01_NCMB01/Pods-IketenMentorStudy01_NCMB01-frameworks-${CONFIGURATION}-input-files.xcfilelist",
			);
			name = "[CP] Embed Pods Frameworks";
			outputFileListPaths = (
				"${PODS_ROOT}/Target Support Files/Pods-IketenMentorStudy01_NCMB01/Pods-IketenMentorStudy01_NCMB01-frameworks-${CONFIGURATION}-output-files.xcfilelist",
			);
			runOnlyForDeploymentPostprocessing = 0;
			shellPath = /bin/sh;
			shellScript = "\"${PODS_ROOT}/Target Support Files/Pods-IketenMentorStudy01_NCMB01/Pods-IketenMentorStudy01_NCMB01-frameworks.sh\"\n";
			showEnvVarsInLog = 0;
		};
		D1203F5E9106F8B0682C8012 /* [CP] Check Pods Manifest.lock */ = {
			isa = PBXShellScriptBuildPhase;
			buildActionMask = 2147483647;
			files = (
			);
			inputFileListPaths = (
			);
			inputPaths = (
				"${PODS_PODFILE_DIR_PATH}/Podfile.lock",
				"${PODS_ROOT}/Manifest.lock",
			);
			name = "[CP] Check Pods Manifest.lock";
			outputFileListPaths = (
			);
			outputPaths = (
				"$(DERIVED_FILE_DIR)/Pods-IketenMentorStudy01_NCMB01-checkManifestLockResult.txt",
			);
			runOnlyForDeploymentPostprocessing = 0;
			shellPath = /bin/sh;
			shellScript = "diff \"${PODS_PODFILE_DIR_PATH}/Podfile.lock\" \"${PODS_ROOT}/Manifest.lock\" > /dev/null\nif [ $? != 0 ] ; then\n    # print error to STDERR\n    echo \"error: The sandbox is not in sync with the Podfile.lock. Run 'pod install' or update your CocoaPods installation.\" >&2\n    exit 1\nfi\n# This output is used by Xcode 'outputs' to avoid re-running this script phase.\necho \"SUCCESS\" > \"${SCRIPT_OUTPUT_FILE_0}\"\n";
			showEnvVarsInLog = 0;
		};
/* End PBXShellScriptBuildPhase section */

/* Begin PBXSourcesBuildPhase section */
		4A596F90279D3E5200388B14 /* Sources */ = {
			isa = PBXSourcesBuildPhase;
			buildActionMask = 2147483647;
			files = (
				4A596F9C279D3E5200388B14 /* MemoSearchVC.swift in Sources */,
				4A596F98279D3E5200388B14 /* AppDelegate.swift in Sources */,
				4A596FB0279D4A4A00388B14 /* SignUpViewController.swift in Sources */,
				4A596FB1279D4A4A00388B14 /* SignInViewController.swift in Sources */,
				4A596FB3279D538200388B14 /* AddMemoVC.swift in Sources */,
				4A596F9A279D3E5200388B14 /* SceneDelegate.swift in Sources */,
			);
			runOnlyForDeploymentPostprocessing = 0;
		};
/* End PBXSourcesBuildPhase section */

/* Begin PBXVariantGroup section */
		4A596F9D279D3E5200388B14 /* Main.storyboard */ = {
			isa = PBXVariantGroup;
			children = (
				4A596F9E279D3E5200388B14 /* Base */,
			);
			name = Main.storyboard;
			sourceTree = "<group>";
		};
		4A596FA2279D3E5300388B14 /* LaunchScreen.storyboard */ = {
			isa = PBXVariantGroup;
			children = (
				4A596FA3279D3E5300388B14 /* Base */,
			);
			name = LaunchScreen.storyboard;
			sourceTree = "<group>";
		};
/* End PBXVariantGroup section */

/* Begin XCBuildConfiguration section */
		4A596FA6279D3E5300388B14 /* Debug */ = {
			isa = XCBuildConfiguration;
			buildSettings = {
				ALWAYS_SEARCH_USER_PATHS = NO;
				CLANG_ANALYZER_NONNULL = YES;
				CLANG_ANALYZER_NUMBER_OBJECT_CONVERSION = YES_AGGRESSIVE;
				CLANG_CXX_LANGUAGE_STANDARD = "gnu++17";
				CLANG_CXX_LIBRARY = "libc++";
				CLANG_ENABLE_MODULES = YES;
				CLANG_ENABLE_OBJC_ARC = YES;
				CLANG_ENABLE_OBJC_WEAK = YES;
				CLANG_WARN_BLOCK_CAPTURE_AUTORELEASING = YES;
				CLANG_WARN_BOOL_CONVERSION = YES;
				CLANG_WARN_COMMA = YES;
				CLANG_WARN_CONSTANT_CONVERSION = YES;
				CLANG_WARN_DEPRECATED_OBJC_IMPLEMENTATIONS = YES;
				CLANG_WARN_DIRECT_OBJC_ISA_USAGE = YES_ERROR;
				CLANG_WARN_DOCUMENTATION_COMMENTS = YES;
				CLANG_WARN_EMPTY_BODY = YES;
				CLANG_WARN_ENUM_CONVERSION = YES;
				CLANG_WARN_INFINITE_RECURSION = YES;
				CLANG_WARN_INT_CONVERSION = YES;
				CLANG_WARN_NON_LITERAL_NULL_CONVERSION = YES;
				CLANG_WARN_OBJC_IMPLICIT_RETAIN_SELF = YES;
				CLANG_WARN_OBJC_LITERAL_CONVERSION = YES;
				CLANG_WARN_OBJC_ROOT_CLASS = YES_ERROR;
				CLANG_WARN_QUOTED_INCLUDE_IN_FRAMEWORK_HEADER = YES;
				CLANG_WARN_RANGE_LOOP_ANALYSIS = YES;
				CLANG_WARN_STRICT_PROTOTYPES = YES;
				CLANG_WARN_SUSPICIOUS_MOVE = YES;
				CLANG_WARN_UNGUARDED_AVAILABILITY = YES_AGGRESSIVE;
				CLANG_WARN_UNREACHABLE_CODE = YES;
				CLANG_WARN__DUPLICATE_METHOD_MATCH = YES;
				COPY_PHASE_STRIP = NO;
				DEBUG_INFORMATION_FORMAT = dwarf;
				ENABLE_STRICT_OBJC_MSGSEND = YES;
				ENABLE_TESTABILITY = YES;
				GCC_C_LANGUAGE_STANDARD = gnu11;
				GCC_DYNAMIC_NO_PIC = NO;
				GCC_NO_COMMON_BLOCKS = YES;
				GCC_OPTIMIZATION_LEVEL = 0;
				GCC_PREPROCESSOR_DEFINITIONS = (
					"DEBUG=1",
					"$(inherited)",
				);
				GCC_WARN_64_TO_32_BIT_CONVERSION = YES;
				GCC_WARN_ABOUT_RETURN_TYPE = YES_ERROR;
				GCC_WARN_UNDECLARED_SELECTOR = YES;
				GCC_WARN_UNINITIALIZED_AUTOS = YES_AGGRESSIVE;
				GCC_WARN_UNUSED_FUNCTION = YES;
				GCC_WARN_UNUSED_VARIABLE = YES;
				IPHONEOS_DEPLOYMENT_TARGET = 15.0;
				MTL_ENABLE_DEBUG_INFO = INCLUDE_SOURCE;
				MTL_FAST_MATH = YES;
				ONLY_ACTIVE_ARCH = YES;
				SDKROOT = iphoneos;
				SWIFT_ACTIVE_COMPILATION_CONDITIONS = DEBUG;
				SWIFT_OPTIMIZATION_LEVEL = "-Onone";
			};
			name = Debug;
		};
		4A596FA7279D3E5300388B14 /* Release */ = {
			isa = XCBuildConfiguration;
			buildSettings = {
				ALWAYS_SEARCH_USER_PATHS = NO;
				CLANG_ANALYZER_NONNULL = YES;
				CLANG_ANALYZER_NUMBER_OBJECT_CONVERSION = YES_AGGRESSIVE;
				CLANG_CXX_LANGUAGE_STANDARD = "gnu++17";
				CLANG_CXX_LIBRARY = "libc++";
				CLANG_ENABLE_MODULES = YES;
				CLANG_ENABLE_OBJC_ARC = YES;
				CLANG_ENABLE_OBJC_WEAK = YES;
				CLANG_WARN_BLOCK_CAPTURE_AUTORELEASING = YES;
				CLANG_WARN_BOOL_CONVERSION = YES;
				CLANG_WARN_COMMA = YES;
				CLANG_WARN_CONSTANT_CONVERSION = YES;
				CLANG_WARN_DEPRECATED_OBJC_IMPLEMENTATIONS = YES;
				CLANG_WARN_DIRECT_OBJC_ISA_USAGE = YES_ERROR;
				CLANG_WARN_DOCUMENTATION_COMMENTS = YES;
				CLANG_WARN_EMPTY_BODY = YES;
				CLANG_WARN_ENUM_CONVERSION = YES;
				CLANG_WARN_INFINITE_RECURSION = YES;
				CLANG_WARN_INT_CONVERSION = YES;
				CLANG_WARN_NON_LITERAL_NULL_CONVERSION = YES;
				CLANG_WARN_OBJC_IMPLICIT_RETAIN_SELF = YES;
				CLANG_WARN_OBJC_LITERAL_CONVERSION = YES;
				CLANG_WARN_OBJC_ROOT_CLASS = YES_ERROR;
				CLANG_WARN_QUOTED_INCLUDE_IN_FRAMEWORK_HEADER = YES;
				CLANG_WARN_RANGE_LOOP_ANALYSIS = YES;
				CLANG_WARN_STRICT_PROTOTYPES = YES;
				CLANG_WARN_SUSPICIOUS_MOVE = YES;
				CLANG_WARN_UNGUARDED_AVAILABILITY = YES_AGGRESSIVE;
				CLANG_WARN_UNREACHABLE_CODE = YES;
				CLANG_WARN__DUPLICATE_METHOD_MATCH = YES;
				COPY_PHASE_STRIP = NO;
				DEBUG_INFORMATION_FORMAT = "dwarf-with-dsym";
				ENABLE_NS_ASSERTIONS = NO;
				ENABLE_STRICT_OBJC_MSGSEND = YES;
				GCC_C_LANGUAGE_STANDARD = gnu11;
				GCC_NO_COMMON_BLOCKS = YES;
				GCC_WARN_64_TO_32_BIT_CONVERSION = YES;
				GCC_WARN_ABOUT_RETURN_TYPE = YES_ERROR;
				GCC_WARN_UNDECLARED_SELECTOR = YES;
				GCC_WARN_UNINITIALIZED_AUTOS = YES_AGGRESSIVE;
				GCC_WARN_UNUSED_FUNCTION = YES;
				GCC_WARN_UNUSED_VARIABLE = YES;
				IPHONEOS_DEPLOYMENT_TARGET = 15.0;
				MTL_ENABLE_DEBUG_INFO = NO;
				MTL_FAST_MATH = YES;
				SDKROOT = iphoneos;
				SWIFT_COMPILATION_MODE = wholemodule;
				SWIFT_OPTIMIZATION_LEVEL = "-O";
				VALIDATE_PRODUCT = YES;
			};
			name = Release;
		};
		4A596FA9279D3E5300388B14 /* Debug */ = {
			isa = XCBuildConfiguration;
			baseConfigurationReference = B70B8D145052273AF5E10BA3 /* Pods-IketenMentorStudy01_NCMB01.debug.xcconfig */;
			buildSettings = {
				ASSETCATALOG_COMPILER_APPICON_NAME = AppIcon;
				ASSETCATALOG_COMPILER_GLOBAL_ACCENT_COLOR_NAME = AccentColor;
				CODE_SIGN_STYLE = Automatic;
				CURRENT_PROJECT_VERSION = 1;
				DEVELOPMENT_TEAM = V6349CSZZB;
				GENERATE_INFOPLIST_FILE = YES;
				INFOPLIST_FILE = IketenMentorStudy01_NCMB01/Info.plist;
				INFOPLIST_KEY_UIApplicationSupportsIndirectInputEvents = YES;
				INFOPLIST_KEY_UILaunchStoryboardName = LaunchScreen;
				INFOPLIST_KEY_UIMainStoryboardFile = Main;
				INFOPLIST_KEY_UISupportedInterfaceOrientations_iPad = "UIInterfaceOrientationPortrait UIInterfaceOrientationPortraitUpsideDown UIInterfaceOrientationLandscapeLeft UIInterfaceOrientationLandscapeRight";
				INFOPLIST_KEY_UISupportedInterfaceOrientations_iPhone = "UIInterfaceOrientationPortrait UIInterfaceOrientationLandscapeLeft UIInterfaceOrientationLandscapeRight";
				LD_RUNPATH_SEARCH_PATHS = (
					"$(inherited)",
					"@executable_path/Frameworks",
				);
				MARKETING_VERSION = 1.0;
				PRODUCT_BUNDLE_IDENTIFIER = "ikeMomo.saga.jp.IketenMentorStudy01-NCMB01";
				PRODUCT_NAME = "$(TARGET_NAME)";
				SWIFT_EMIT_LOC_STRINGS = YES;
				SWIFT_VERSION = 5.0;
				TARGETED_DEVICE_FAMILY = "1,2";
			};
			name = Debug;
		};
		4A596FAA279D3E5300388B14 /* Release */ = {
			isa = XCBuildConfiguration;
			baseConfigurationReference = CB9B16B840876E3D04F32AAB /* Pods-IketenMentorStudy01_NCMB01.release.xcconfig */;
			buildSettings = {
				ASSETCATALOG_COMPILER_APPICON_NAME = AppIcon;
				ASSETCATALOG_COMPILER_GLOBAL_ACCENT_COLOR_NAME = AccentColor;
				CODE_SIGN_STYLE = Automatic;
				CURRENT_PROJECT_VERSION = 1;
				DEVELOPMENT_TEAM = V6349CSZZB;
				GENERATE_INFOPLIST_FILE = YES;
				INFOPLIST_FILE = IketenMentorStudy01_NCMB01/Info.plist;
				INFOPLIST_KEY_UIApplicationSupportsIndirectInputEvents = YES;
				INFOPLIST_KEY_UILaunchStoryboardName = LaunchScreen;
				INFOPLIST_KEY_UIMainStoryboardFile = Main;
				INFOPLIST_KEY_UISupportedInterfaceOrientations_iPad = "UIInterfaceOrientationPortrait UIInterfaceOrientationPortraitUpsideDown UIInterfaceOrientationLandscapeLeft UIInterfaceOrientationLandscapeRight";
				INFOPLIST_KEY_UISupportedInterfaceOrientations_iPhone = "UIInterfaceOrientationPortrait UIInterfaceOrientationLandscapeLeft UIInterfaceOrientationLandscapeRight";
				LD_RUNPATH_SEARCH_PATHS = (
					"$(inherited)",
					"@executable_path/Frameworks",
				);
				MARKETING_VERSION = 1.0;
				PRODUCT_BUNDLE_IDENTIFIER = "ikeMomo.saga.jp.IketenMentorStudy01-NCMB01";
				PRODUCT_NAME = "$(TARGET_NAME)";
				SWIFT_EMIT_LOC_STRINGS = YES;
				SWIFT_VERSION = 5.0;
				TARGETED_DEVICE_FAMILY = "1,2";
			};
			name = Release;
		};
/* End XCBuildConfiguration section */

/* Begin XCConfigurationList section */
		4A596F8F279D3E5200388B14 /* Build configuration list for PBXProject "IketenMentorStudy01_NCMB01" */ = {
			isa = XCConfigurationList;
			buildConfigurations = (
				4A596FA6279D3E5300388B14 /* Debug */,
				4A596FA7279D3E5300388B14 /* Release */,
			);
			defaultConfigurationIsVisible = 0;
			defaultConfigurationName = Release;
		};
		4A596FA8279D3E5300388B14 /* Build configuration list for PBXNativeTarget "IketenMentorStudy01_NCMB01" */ = {
			isa = XCConfigurationList;
			buildConfigurations = (
				4A596FA9279D3E5300388B14 /* Debug */,
				4A596FAA279D3E5300388B14 /* Release */,
			);
			defaultConfigurationIsVisible = 0;
			defaultConfigurationName = Release;
		};
/* End XCConfigurationList section */
	};
	rootObject = 4A596F8C279D3E5200388B14 /* Project object */;
}
